// !$*UTF8*$!
{
	archiveVersion = 1;
	classes = {
	};
	objectVersion = 48;
	objects = {

/* Begin PBXBuildFile section */
		C7FBEFC120CBEBEA0033FC48 /* AppDelegate.swift in Sources */ = {isa = PBXBuildFile; fileRef = C7FBEFC020CBEBEA0033FC48 /* AppDelegate.swift */; };
		C7FBEFC320CBEBEA0033FC48 /* ViewController.swift in Sources */ = {isa = PBXBuildFile; fileRef = C7FBEFC220CBEBEA0033FC48 /* ViewController.swift */; };
		C7FBEFC620CBEBEA0033FC48 /* Main.storyboard in Resources */ = {isa = PBXBuildFile; fileRef = C7FBEFC420CBEBEA0033FC48 /* Main.storyboard */; };
		C7FBEFC820CBEBEA0033FC48 /* Assets.xcassets in Resources */ = {isa = PBXBuildFile; fileRef = C7FBEFC720CBEBEA0033FC48 /* Assets.xcassets */; };
		C7FBEFCB20CBEBEA0033FC48 /* LaunchScreen.storyboard in Resources */ = {isa = PBXBuildFile; fileRef = C7FBEFC920CBEBEA0033FC48 /* LaunchScreen.storyboard */; };
		C7FBEFD520CBFCDE0033FC48 /* UIColor+Hex.swift in Sources */ = {isa = PBXBuildFile; fileRef = C7FBEFD420CBFCDD0033FC48 /* UIColor+Hex.swift */; };
/* End PBXBuildFile section */

/* Begin PBXFileReference section */
		C7FBEFBD20CBEBEA0033FC48 /* ExampleiOS.app */ = {isa = PBXFileReference; explicitFileType = wrapper.application; includeInIndex = 0; path = ExampleiOS.app; sourceTree = BUILT_PRODUCTS_DIR; };
		C7FBEFC020CBEBEA0033FC48 /* AppDelegate.swift */ = {isa = PBXFileReference; lastKnownFileType = sourcecode.swift; path = AppDelegate.swift; sourceTree = "<group>"; };
		C7FBEFC220CBEBEA0033FC48 /* ViewController.swift */ = {isa = PBXFileReference; lastKnownFileType = sourcecode.swift; path = ViewController.swift; sourceTree = "<group>"; };
		C7FBEFC520CBEBEA0033FC48 /* Base */ = {isa = PBXFileReference; lastKnownFileType = file.storyboard; name = Base; path = Base.lproj/Main.storyboard; sourceTree = "<group>"; };
		C7FBEFC720CBEBEA0033FC48 /* Assets.xcassets */ = {isa = PBXFileReference; lastKnownFileType = folder.assetcatalog; path = Assets.xcassets; sourceTree = "<group>"; };
		C7FBEFCA20CBEBEA0033FC48 /* Base */ = {isa = PBXFileReference; lastKnownFileType = file.storyboard; name = Base; path = Base.lproj/LaunchScreen.storyboard; sourceTree = "<group>"; };
		C7FBEFCC20CBEBEA0033FC48 /* Info.plist */ = {isa = PBXFileReference; lastKnownFileType = text.plist.xml; path = Info.plist; sourceTree = "<group>"; };
		C7FBEFD420CBFCDD0033FC48 /* UIColor+Hex.swift */ = {isa = PBXFileReference; fileEncoding = 4; lastKnownFileType = sourcecode.swift; path = "UIColor+Hex.swift"; sourceTree = "<group>"; };
/* End PBXFileReference section */

/* Begin PBXFrameworksBuildPhase section */
		C7FBEFBA20CBEBEA0033FC48 /* Frameworks */ = {
			isa = PBXFrameworksBuildPhase;
			buildActionMask = 2147483647;
			files = (
			);
			runOnlyForDeploymentPostprocessing = 0;
		};
/* End PBXFrameworksBuildPhase section */

/* Begin PBXGroup section */
		C7FBEFB420CBEBEA0033FC48 = {
			isa = PBXGroup;
			children = (
				C7FBEFBF20CBEBEA0033FC48 /* ExampleiOS */,
				C7FBEFBE20CBEBEA0033FC48 /* Products */,
			);
			sourceTree = "<group>";
		};
		C7FBEFBE20CBEBEA0033FC48 /* Products */ = {
			isa = PBXGroup;
			children = (
				C7FBEFBD20CBEBEA0033FC48 /* ExampleiOS.app */,
			);
			name = Products;
			sourceTree = "<group>";
		};
		C7FBEFBF20CBEBEA0033FC48 /* ExampleiOS */ = {
			isa = PBXGroup;
			children = (
				C7FBEFC020CBEBEA0033FC48 /* AppDelegate.swift */,
				C7FBEFC220CBEBEA0033FC48 /* ViewController.swift */,
				C7FBEFC420CBEBEA0033FC48 /* Main.storyboard */,
				C7FBEFC720CBEBEA0033FC48 /* Assets.xcassets */,
				C7FBEFC920CBEBEA0033FC48 /* LaunchScreen.storyboard */,
				C7FBEFD420CBFCDD0033FC48 /* UIColor+Hex.swift */,
				C7FBEFCC20CBEBEA0033FC48 /* Info.plist */,
			);
			path = ExampleiOS;
			sourceTree = "<group>";
		};
/* End PBXGroup section */

/* Begin PBXNativeTarget section */
		C7FBEFBC20CBEBEA0033FC48 /* ExampleiOS */ = {
			isa = PBXNativeTarget;
			buildConfigurationList = C7FBEFCF20CBEBEA0033FC48 /* Build configuration list for PBXNativeTarget "ExampleiOS" */;
			buildPhases = (
				C7FBEFB920CBEBEA0033FC48 /* Sources */,
				C7FBEFBA20CBEBEA0033FC48 /* Frameworks */,
				C7FBEFBB20CBEBEA0033FC48 /* Resources */,
			);
			buildRules = (
			);
			dependencies = (
			);
			name = ExampleiOS;
			productName = ExampleiOS;
			productReference = C7FBEFBD20CBEBEA0033FC48 /* ExampleiOS.app */;
			productType = "com.apple.product-type.application";
		};
/* End PBXNativeTarget section */

/* Begin PBXProject section */
		C7FBEFB520CBEBEA0033FC48 /* Project object */ = {
			isa = PBXProject;
			attributes = {
				LastSwiftUpdateCheck = 0910;
				LastUpgradeCheck = 0910;
				ORGANIZATIONNAME = "keisuke yamagishi";
				TargetAttributes = {
					C7FBEFBC20CBEBEA0033FC48 = {
						CreatedOnToolsVersion = 9.1;
						ProvisioningStyle = Automatic;
					};
				};
			};
			buildConfigurationList = C7FBEFB820CBEBEA0033FC48 /* Build configuration list for PBXProject "ExampleiOS" */;
			compatibilityVersion = "Xcode 8.0";
			developmentRegion = en;
			hasScannedForEncodings = 0;
			knownRegions = (
				en,
				Base,
			);
			mainGroup = C7FBEFB420CBEBEA0033FC48;
			productRefGroup = C7FBEFBE20CBEBEA0033FC48 /* Products */;
			projectDirPath = "";
			projectRoot = "";
			targets = (
				C7FBEFBC20CBEBEA0033FC48 /* ExampleiOS */,
			);
		};
/* End PBXProject section */

/* Begin PBXResourcesBuildPhase section */
		C7FBEFBB20CBEBEA0033FC48 /* Resources */ = {
			isa = PBXResourcesBuildPhase;
			buildActionMask = 2147483647;
			files = (
				C7FBEFCB20CBEBEA0033FC48 /* LaunchScreen.storyboard in Resources */,
				C7FBEFC820CBEBEA0033FC48 /* Assets.xcassets in Resources */,
				C7FBEFC620CBEBEA0033FC48 /* Main.storyboard in Resources */,
			);
			runOnlyForDeploymentPostprocessing = 0;
		};
/* End PBXResourcesBuildPhase section */

/* Begin PBXSourcesBuildPhase section */
		C7FBEFB920CBEBEA0033FC48 /* Sources */ = {
			isa = PBXSourcesBuildPhase;
			buildActionMask = 2147483647;
			files = (
				C7FBEFD520CBFCDE0033FC48 /* UIColor+Hex.swift in Sources */,
				C7FBEFC320CBEBEA0033FC48 /* ViewController.swift in Sources */,
				C7FBEFC120CBEBEA0033FC48 /* AppDelegate.swift in Sources */,
			);
			runOnlyForDeploymentPostprocessing = 0;
		};
/* End PBXSourcesBuildPhase section */

/* Begin PBXVariantGroup section */
		C7FBEFC420CBEBEA0033FC48 /* Main.storyboard */ = {
			isa = PBXVariantGroup;
			children = (
				C7FBEFC520CBEBEA0033FC48 /* Base */,
			);
			name = Main.storyboard;
			sourceTree = "<group>";
		};
		C7FBEFC920CBEBEA0033FC48 /* LaunchScreen.storyboard */ = {
			isa = PBXVariantGroup;
			children = (
				C7FBEFCA20CBEBEA0033FC48 /* Base */,
			);
			name = LaunchScreen.storyboard;
			sourceTree = "<group>";
		};
/* End PBXVariantGroup section */

/* Begin XCBuildConfiguration section */
		C7FBEFCD20CBEBEA0033FC48 /* Debug */ = {
			isa = XCBuildConfiguration;
			buildSettings = {
				ALWAYS_SEARCH_USER_PATHS = NO;
				CLANG_ANALYZER_NONNULL = YES;
				CLANG_ANALYZER_NUMBER_OBJECT_CONVERSION = YES_AGGRESSIVE;
				CLANG_CXX_LANGUAGE_STANDARD = "gnu++14";
				CLANG_CXX_LIBRARY = "libc++";
				CLANG_ENABLE_MODULES = YES;
				CLANG_ENABLE_OBJC_ARC = YES;
				CLANG_WARN_BLOCK_CAPTURE_AUTORELEASING = YES;
				CLANG_WARN_BOOL_CONVERSION = YES;
				CLANG_WARN_COMMA = YES;
				CLANG_WARN_CONSTANT_CONVERSION = YES;
				CLANG_WARN_DIRECT_OBJC_ISA_USAGE = YES_ERROR;
				CLANG_WARN_DOCUMENTATION_COMMENTS = YES;
				CLANG_WARN_EMPTY_BODY = YES;
				CLANG_WARN_ENUM_CONVERSION = YES;
				CLANG_WARN_INFINITE_RECURSION = YES;
				CLANG_WARN_INT_CONVERSION = YES;
				CLANG_WARN_NON_LITERAL_NULL_CONVERSION = YES;
				CLANG_WARN_OBJC_LITERAL_CONVERSION = YES;
				CLANG_WARN_OBJC_ROOT_CLASS = YES_ERROR;
				CLANG_WARN_RANGE_LOOP_ANALYSIS = YES;
				CLANG_WARN_STRICT_PROTOTYPES = YES;
				CLANG_WARN_SUSPICIOUS_MOVE = YES;
				CLANG_WARN_UNGUARDED_AVAILABILITY = YES_AGGRESSIVE;
				CLANG_WARN_UNREACHABLE_CODE = YES;
				CLANG_WARN__DUPLICATE_METHOD_MATCH = YES;
				CODE_SIGN_IDENTITY = "iPhone Developer";
				COPY_PHASE_STRIP = NO;
				DEBUG_INFORMATION_FORMAT = dwarf;
				ENABLE_STRICT_OBJC_MSGSEND = YES;
				ENABLE_TESTABILITY = YES;
				GCC_C_LANGUAGE_STANDARD = gnu11;
				GCC_DYNAMIC_NO_PIC = NO;
				GCC_NO_COMMON_BLOCKS = YES;
				GCC_OPTIMIZATION_LEVEL = 0;
				GCC_PREPROCESSOR_DEFINITIONS = (
					"DEBUG=1",
					"$(inherited)",
				);
				GCC_WARN_64_TO_32_BIT_CONVERSION = YES;
				GCC_WARN_ABOUT_RETURN_TYPE = YES_ERROR;
				GCC_WARN_UNDECLARED_SELECTOR = YES;
				GCC_WARN_UNINITIALIZED_AUTOS = YES_AGGRESSIVE;
				GCC_WARN_UNUSED_FUNCTION = YES;
				GCC_WARN_UNUSED_VARIABLE = YES;
				IPHONEOS_DEPLOYMENT_TARGET = 11.1;
				MTL_ENABLE_DEBUG_INFO = YES;
				ONLY_ACTIVE_ARCH = YES;
				SDKROOT = iphoneos;
				SWIFT_ACTIVE_COMPILATION_CONDITIONS = DEBUG;
				SWIFT_OPTIMIZATION_LEVEL = "-Onone";
			};
			name = Debug;
		};
		C7FBEFCE20CBEBEA0033FC48 /* Release */ = {
			isa = XCBuildConfiguration;
			buildSettings = {
				ALWAYS_SEARCH_USER_PATHS = NO;
				CLANG_ANALYZER_NONNULL = YES;
				CLANG_ANALYZER_NUMBER_OBJECT_CONVERSION = YES_AGGRESSIVE;
				CLANG_CXX_LANGUAGE_STANDARD = "gnu++14";
				CLANG_CXX_LIBRARY = "libc++";
				CLANG_ENABLE_MODULES = YES;
				CLANG_ENABLE_OBJC_ARC = YES;
				CLANG_WARN_BLOCK_CAPTURE_AUTORELEASING = YES;
				CLANG_WARN_BOOL_CONVERSION = YES;
				CLANG_WARN_COMMA = YES;
				CLANG_WARN_CONSTANT_CONVERSION = YES;
				CLANG_WARN_DIRECT_OBJC_ISA_USAGE = YES_ERROR;
				CLANG_WARN_DOCUMENTATION_COMMENTS = YES;
				CLANG_WARN_EMPTY_BODY = YES;
				CLANG_WARN_ENUM_CONVERSION = YES;
				CLANG_WARN_INFINITE_RECURSION = YES;
				CLANG_WARN_INT_CONVERSION = YES;
				CLANG_WARN_NON_LITERAL_NULL_CONVERSION = YES;
				CLANG_WARN_OBJC_LITERAL_CONVERSION = YES;
				CLANG_WARN_OBJC_ROOT_CLASS = YES_ERROR;
				CLANG_WARN_RANGE_LOOP_ANALYSIS = YES;
				CLANG_WARN_STRICT_PROTOTYPES = YES;
				CLANG_WARN_SUSPICIOUS_MOVE = YES;
				CLANG_WARN_UNGUARDED_AVAILABILITY = YES_AGGRESSIVE;
				CLANG_WARN_UNREACHABLE_CODE = YES;
				CLANG_WARN__DUPLICATE_METHOD_MATCH = YES;
				CODE_SIGN_IDENTITY = "iPhone Developer";
				COPY_PHASE_STRIP = NO;
				DEBUG_INFORMATION_FORMAT = "dwarf-with-dsym";
				ENABLE_NS_ASSERTIONS = NO;
				ENABLE_STRICT_OBJC_MSGSEND = YES;
				GCC_C_LANGUAGE_STANDARD = gnu11;
				GCC_NO_COMMON_BLOCKS = YES;
				GCC_WARN_64_TO_32_BIT_CONVERSION = YES;
				GCC_WARN_ABOUT_RETURN_TYPE = YES_ERROR;
				GCC_WARN_UNDECLARED_SELECTOR = YES;
				GCC_WARN_UNINITIALIZED_AUTOS = YES_AGGRESSIVE;
				GCC_WARN_UNUSED_FUNCTION = YES;
				GCC_WARN_UNUSED_VARIABLE = YES;
				IPHONEOS_DEPLOYMENT_TARGET = 11.1;
				MTL_ENABLE_DEBUG_INFO = NO;
				SDKROOT = iphoneos;
				SWIFT_OPTIMIZATION_LEVEL = "-Owholemodule";
				VALIDATE_PRODUCT = YES;
			};
			name = Release;
		};
		C7FBEFD020CBEBEA0033FC48 /* Debug */ = {
			isa = XCBuildConfiguration;
			buildSettings = {
				ASSETCATALOG_COMPILER_APPICON_NAME = AppIcon;
				CODE_SIGN_STYLE = Automatic;
				DEVELOPMENT_TEAM = D3DW67HS9F;
				INFOPLIST_FILE = ExampleiOS/Info.plist;
				LD_RUNPATH_SEARCH_PATHS = "$(inherited) @executable_path/Frameworks";
				PRODUCT_BUNDLE_IDENTIFIER = com.shichimitoucarashi.inc.ExampleiOS;
				PRODUCT_NAME = "$(TARGET_NAME)";
				SWIFT_VERSION = 4.0;
				TARGETED_DEVICE_FAMILY = "1,2";
			};
			name = Debug;
		};
		C7FBEFD120CBEBEA0033FC48 /* Release */ = {
			isa = XCBuildConfiguration;
			buildSettings = {
				ASSETCATALOG_COMPILER_APPICON_NAME = AppIcon;
				CODE_SIGN_STYLE = Automatic;
				DEVELOPMENT_TEAM = D3DW67HS9F;
				INFOPLIST_FILE = ExampleiOS/Info.plist;
				LD_RUNPATH_SEARCH_PATHS = "$(inherited) @executable_path/Frameworks";
				PRODUCT_BUNDLE_IDENTIFIER = com.shichimitoucarashi.inc.ExampleiOS;
				PRODUCT_NAME = "$(TARGET_NAME)";
				SWIFT_VERSION = 4.0;
				TARGETED_DEVICE_FAMILY = "1,2";
			};
			name = Release;
		};
/* End XCBuildConfiguration section */

/* Begin XCConfigurationList section */
		C7FBEFB820CBEBEA0033FC48 /* Build configuration list for PBXProject "ExampleiOS" */ = {
			isa = XCConfigurationList;
			buildConfigurations = (
				C7FBEFCD20CBEBEA0033FC48 /* Debug */,
				C7FBEFCE20CBEBEA0033FC48 /* Release */,
			);
			defaultConfigurationIsVisible = 0;
			defaultConfigurationName = Release;
		};
		C7FBEFCF20CBEBEA0033FC48 /* Build configuration list for PBXNativeTarget "ExampleiOS" */ = {
			isa = XCConfigurationList;
			buildConfigurations = (
				C7FBEFD020CBEBEA0033FC48 /* Debug */,
				C7FBEFD120CBEBEA0033FC48 /* Release */,
			);
			defaultConfigurationIsVisible = 0;
			defaultConfigurationName = Release;
		};
/* End XCConfigurationList section */
	};
	rootObject = C7FBEFB520CBEBEA0033FC48 /* Project object */;
}
